# This file is autogenerated, do not edit; changes may be undone by the next 'dep ensure'.


[[projects]]
  name = "github.com/bot-api/telegram"
  packages = [".","telebot"]
  revision = "2cc6390eb82f78620b8688673c750864bc4f04d7"
  version = "v0.1-alpha"

[[projects]]
  name = "github.com/mattn/go-sqlite3"
  packages = ["."]
  revision = "ca5e3819723d8eeaf170ad510e7da1d6d2e94a08"
  version = "v1.2.0"

[[projects]]
  name = "github.com/patrickmn/go-cache"
  packages = ["."]
  revision = "1881a9bccb818787f68c52bfba648c6cf34c34fa"
  version = "v2.0.0"

[[projects]]
  branch = "master"
  name = "golang.org/x/net"
  packages = ["context","context/ctxhttp"]
  revision = "945ddfdd3bb885ce838728b0169bf94ae76970c8"

[solve-meta]
  analyzer-name = "dep"
  analyzer-version = 1
  inputs-digest = "f6b9a6bceb176a6427f7b8f38b2afd0384262224c413f02730b299164124de30"
  solver-name = "gps-cdcl"
  solver-version = 1
